
Microsoft Visual Studio Solution File, Format Version 11.00
# Visual Studio 2010
Project("{FAE04EC0-301F-11D3-BF4B-00C04F79EFBC}") = "DataPicker", "DataPicker\DataPicker.csproj", "{EB81889E-52A6-442F-B072-3B64BDEDB55A}"
EndProject
Global
	GlobalSection(SolutionConfigurationPlatforms) = preSolution
		Debug|Any CPU = Debug|Any CPU
		Debug|Mixed Platforms = Debug|Mixed Platforms
		Debug|x86 = Debug|x86
		Release|Any CPU = Release|Any CPU
		Release|Mixed Platforms = Release|Mixed Platforms
		Release|x86 = Release|x86
	EndGlobalSection
	GlobalSection(ProjectConfigurationPlatforms) = postSolution
		{EB81889E-52A6-442F-B072-3B64BDEDB55A}.Debug|Any CPU.ActiveCfg = Debug|Any CPU
		{EB81889E-52A6-442F-B072-3B64BDEDB55A}.Debug|Any CPU.Build.0 = Debug|Any CPU
		{EB81889E-52A6-442F-B072-3B64BDEDB55A}.Debug|Mixed Platforms.ActiveCfg = Debug|Any CPU
		{EB81889E-52A6-442F-B072-3B64BDEDB55A}.Debug|Mixed Platforms.Build.0 = Debug|Any CPU
		{EB81889E-52A6-442F-B072-3B64BDEDB55A}.Debug|x86.ActiveCfg = Debug|Any CPU
		{EB81889E-52A6-442F-B072-3B64BDEDB55A}.Release|Any CPU.ActiveCfg = Release|Any CPU
		{EB81889E-52A6-442F-B072-3B64BDEDB55A}.Release|Any CPU.Build.0 = Release|Any CPU
		{EB81889E-52A6-442F-B072-3B64BDEDB55A}.Release|Mixed Platforms.ActiveCfg = Release|Any CPU
		{EB81889E-52A6-442F-B072-3B64BDEDB55A}.Release|Mixed Platforms.Build.0 = Release|Any CPU
		{EB81889E-52A6-442F-B072-3B64BDEDB55A}.Release|x86.ActiveCfg = Release|Any CPU
	EndGlobalSection
	GlobalSection(SolutionProperties) = preSolution
		HideSolutionNode = FALSE
	EndGlobalSection
EndGlobal
